{
  "name": "ngx-zorrly-lib",
  "version": "0.1.7",
  "lockfileVersion": 2,
  "requires": true,
  "packages": {
    "": {
      "name": "ngx-zorrly-lib",
      "version": "0.1.7",
      "dependencies": {
        "tslib": "^2.3.0"
      },
      "peerDependencies": {
        "@angular/common": "^15.0.0",
        "@angular/core": "^15.0.0",
        "@ngx-formly/core": "^6.0.0",
        "date-fns": "^2.15.1",
        "lodash-es": ">=4.17.20",
        "ng-zorro-antd": "^15.0.0"
      }
    },
    "node_modules/@angular/animations": {
      "version": "15.0.4",
      "resolved": "https://registry.npmjs.org/@angular/animations/-/animations-15.0.4.tgz",
      "integrity": "sha512-fOqf7fHX9aspIUmlOsig8ZyZlalU+eIBsUgu4QpH9+vfQzGCJcKIjPClW4Yb7rkNlyLlfQqaICOxG9gOxuEI7Q==",
      "peer": true,
      "dependencies": {
        "tslib": "^2.3.0"
      },
      "engines": {
        "node": "^14.20.0 || ^16.13.0 || >=18.10.0"
      },
      "peerDependencies": {
        "@angular/core": "15.0.4"
      }
    },
    "node_modules/@angular/cdk": {
      "version": "15.0.3",
      "resolved": "https://registry.npmjs.org/@angular/cdk/-/cdk-15.0.3.tgz",
      "integrity": "sha512-iRLV6V6ksIshDL8Cdn1+DUNTRLqj+DAqmYTWYCEvH4qU6o0XSeXrAHNW5zNFqWgCZbmWt03G5jOBWBNaxa9QKw==",
      "peer": true,
      "dependencies": {
        "tslib": "^2.3.0"
      },
      "optionalDependencies": {
        "parse5": "^7.1.2"
      },
      "peerDependencies": {
        "@angular/common": "^15.0.0 || ^16.0.0",
        "@angular/core": "^15.0.0 || ^16.0.0",
        "rxjs": "^6.5.3 || ^7.4.0"
      }
    },
    "node_modules/@angular/common": {
      "version": "15.0.4",
      "resolved": "https://registry.npmjs.org/@angular/common/-/common-15.0.4.tgz",
      "integrity": "sha512-0x/2IhaetJqfXMeQ4DlRnOTzGWD0OvOeKORyi0q7WXPxSoD9MUezQHGmzkc5lK9tDYE9cNYyQfkUBcbJT/k6MA==",
      "peer": true,
      "dependencies": {
        "tslib": "^2.3.0"
      },
      "engines": {
        "node": "^14.20.0 || ^16.13.0 || >=18.10.0"
      },
      "peerDependencies": {
        "@angular/core": "15.0.4",
        "rxjs": "^6.5.3 || ^7.4.0"
      }
    },
    "node_modules/@angular/core": {
      "version": "15.0.4",
      "resolved": "https://registry.npmjs.org/@angular/core/-/core-15.0.4.tgz",
      "integrity": "sha512-Xf8Nuu0iM/VjQHPS4A0jufqTYZCfiGqc0iAD7j9zM3TD6caQ3OP4mxXVYYTpIG+APKel38+Gol8cpQB/8PVbqQ==",
      "peer": true,
      "dependencies": {
        "tslib": "^2.3.0"
      },
      "engines": {
        "node": "^14.20.0 || ^16.13.0 || >=18.10.0"
      },
      "peerDependencies": {
        "rxjs": "^6.5.3 || ^7.4.0",
        "zone.js": "~0.11.4 || ~0.12.0"
      }
    },
    "node_modules/@angular/forms": {
      "version": "15.0.4",
      "resolved": "https://registry.npmjs.org/@angular/forms/-/forms-15.0.4.tgz",
      "integrity": "sha512-3Ft/p2ug/zp2p0g2rhLq9v/5F1G11xa+YujAKL5kOFa0zUoroDG6n4b6VEcsGWmDE9NR7Vkiys9rHckiJUluHg==",
      "peer": true,
      "dependencies": {
        "tslib": "^2.3.0"
      },
      "engines": {
        "node": "^14.20.0 || ^16.13.0 || >=18.10.0"
      },
      "peerDependencies": {
        "@angular/common": "15.0.4",
        "@angular/core": "15.0.4",
        "@angular/platform-browser": "15.0.4",
        "rxjs": "^6.5.3 || ^7.4.0"
      }
    },
    "node_modules/@angular/platform-browser": {
      "version": "15.0.4",
      "resolved": "https://registry.npmjs.org/@angular/platform-browser/-/platform-browser-15.0.4.tgz",
      "integrity": "sha512-SOLrzh9AsHzhfre95ShvHd0hBcyEcFftJuAaU+35L4GiOAY+CznFuJUq4LjITCMQDHGzdpUlRjoUyJRQFmlvXQ==",
      "peer": true,
      "dependencies": {
        "tslib": "^2.3.0"
      },
      "engines": {
        "node": "^14.20.0 || ^16.13.0 || >=18.10.0"
      },
      "peerDependencies": {
        "@angular/animations": "15.0.4",
        "@angular/common": "15.0.4",
        "@angular/core": "15.0.4"
      },
      "peerDependenciesMeta": {
        "@angular/animations": {
          "optional": true
        }
      }
    },
    "node_modules/@angular/router": {
      "version": "15.0.4",
      "resolved": "https://registry.npmjs.org/@angular/router/-/router-15.0.4.tgz",
      "integrity": "sha512-6cBUu1kSigORGpWq+Wc3hTLRQcJvtlaZ5OFOIzKGiBEPgezn/AzrWHi/bEccWLZAVFhbUOhcRn9GwudqiqX6+A==",
      "peer": true,
      "dependencies": {
        "tslib": "^2.3.0"
      },
      "engines": {
        "node": "^14.20.0 || ^16.13.0 || >=18.10.0"
      },
      "peerDependencies": {
        "@angular/common": "15.0.4",
        "@angular/core": "15.0.4",
        "@angular/platform-browser": "15.0.4",
        "rxjs": "^6.5.3 || ^7.4.0"
      }
    },
    "node_modules/@ant-design/colors": {
      "version": "5.1.1",
      "resolved": "https://registry.npmjs.org/@ant-design/colors/-/colors-5.1.1.tgz",
      "integrity": "sha512-Txy4KpHrp3q4XZdfgOBqLl+lkQIc3tEvHXOimRN1giX1AEC7mGtyrO9p8iRGJ3FLuVMGa2gNEzQyghVymLttKQ==",
      "peer": true,
      "dependencies": {
        "@ctrl/tinycolor": "^3.3.1"
      }
    },
    "node_modules/@ant-design/icons-angular": {
      "version": "15.0.0",
      "resolved": "https://registry.npmjs.org/@ant-design/icons-angular/-/icons-angular-15.0.0.tgz",
      "integrity": "sha512-9DMpuoqZBvS7+VJ0s3tl2g/kI1sTLDQWfykiXYa+AkZ2AvJwHebvR7Cw7/xfiXFDLyZTjPgtC0x0gex13EShuA==",
      "peer": true,
      "dependencies": {
        "@ant-design/colors": "^5.0.0",
        "tslib": "^2.0.0"
      },
      "peerDependencies": {
        "@angular/common": "^15.0.0",
        "@angular/core": "^15.0.0",
        "@angular/platform-browser": "^15.0.0",
        "rxjs": "^6.4.0 || ^7.4.0"
      }
    },
    "node_modules/@ctrl/tinycolor": {
      "version": "3.5.0",
      "resolved": "https://registry.npmjs.org/@ctrl/tinycolor/-/tinycolor-3.5.0.tgz",
      "integrity": "sha512-tlJpwF40DEQcfR/QF+wNMVyGMaO9FQp6Z1Wahj4Gk3CJQYHwA2xVG7iKDFdW6zuxZY9XWOpGcfNCTsX4McOsOg==",
      "peer": true,
      "engines": {
        "node": ">=10"
      }
    },
    "node_modules/@ngx-formly/core": {
      "version": "6.0.4",
      "resolved": "https://registry.npmjs.org/@ngx-formly/core/-/core-6.0.4.tgz",
      "integrity": "sha512-GH+uIwNivI7EmqIRcGwyWa+CXPBY3ihWi05foMsYV7ghADe2Ap6mHaYdKoejMItLoWz79CrV2pYfwrnjlE3KOQ==",
      "peer": true,
      "dependencies": {
        "tslib": "^2.0.0"
      },
      "peerDependencies": {
        "@angular/forms": ">=13.2.0",
        "rxjs": "^6.5.3 || ^7.0.0"
      }
    },
    "node_modules/date-fns": {
      "version": "2.29.3",
      "resolved": "https://registry.npmjs.org/date-fns/-/date-fns-2.29.3.tgz",
      "integrity": "sha512-dDCnyH2WnnKusqvZZ6+jA1O51Ibt8ZMRNkDZdyAyK4YfbDwa/cEmuztzG5pk6hqlp9aSBPYcjOlktquahGwGeA==",
      "peer": true,
      "engines": {
        "node": ">=0.11"
      },
      "funding": {
        "type": "opencollective",
        "url": "https://opencollective.com/date-fns"
      }
    },
    "node_modules/entities": {
      "version": "4.4.0",
      "resolved": "https://registry.npmjs.org/entities/-/entities-4.4.0.tgz",
      "integrity": "sha512-oYp7156SP8LkeGD0GF85ad1X9Ai79WtRsZ2gxJqtBuzH+98YUV6jkHEKlZkMbcrjJjIVJNIDP/3WL9wQkoPbWA==",
      "optional": true,
      "peer": true,
      "engines": {
        "node": ">=0.12"
      },
      "funding": {
        "url": "https://github.com/fb55/entities?sponsor=1"
      }
    },
    "node_modules/lodash-es": {
      "version": "4.17.21",
      "resolved": "https://registry.npmjs.org/lodash-es/-/lodash-es-4.17.21.tgz",
      "integrity": "sha512-mKnC+QJ9pWVzv+C4/U3rRsHapFfHvQFoFB92e52xeyGMcX6/OlIl78je1u8vePzYZSkkogMPJ2yjxxsb89cxyw==",
      "peer": true
    },
    "node_modules/ng-zorro-antd": {
      "version": "15.0.0",
      "resolved": "https://registry.npmjs.org/ng-zorro-antd/-/ng-zorro-antd-15.0.0.tgz",
      "integrity": "sha512-txsYpgdI+yevd/zkv/VFRIovrxs+HpYKGjoLt6p6VKWYHyl172C+3Zn3Dwpb54f+JqfClPk9bb/RBG40QrsrWg==",
      "peer": true,
      "dependencies": {
        "@angular/cdk": "^15.0.0",
        "@ant-design/icons-angular": "^15.0.0",
        "date-fns": "^2.16.1",
        "tslib": "^2.3.0"
      },
      "peerDependencies": {
        "@angular/animations": "^15.0.1",
        "@angular/common": "^15.0.1",
        "@angular/core": "^15.0.1",
        "@angular/forms": "^15.0.1",
        "@angular/platform-browser": "^15.0.1",
        "@angular/router": "^15.0.1"
      }
    },
    "node_modules/parse5": {
      "version": "7.1.2",
      "resolved": "https://registry.npmjs.org/parse5/-/parse5-7.1.2.tgz",
      "integrity": "sha512-Czj1WaSVpaoj0wbhMzLmWD69anp2WH7FXMB9n1Sy8/ZFF9jolSQVMu1Ij5WIyGmcBmhk7EOndpO4mIpihVqAXw==",
      "optional": true,
      "peer": true,
      "dependencies": {
        "entities": "^4.4.0"
      },
      "funding": {
        "url": "https://github.com/inikulin/parse5?sponsor=1"
      }
    },
    "node_modules/rxjs": {
      "version": "7.8.0",
      "resolved": "https://registry.npmjs.org/rxjs/-/rxjs-7.8.0.tgz",
      "integrity": "sha512-F2+gxDshqmIub1KdvZkaEfGDwLNpPvk9Fs6LD/MyQxNgMds/WH9OdDDXOmxUZpME+iSK3rQCctkL0DYyytUqMg==",
      "peer": true,
      "dependencies": {
        "tslib": "^2.1.0"
      }
    },
    "node_modules/tslib": {
      "version": "2.4.1",
      "resolved": "https://registry.npmjs.org/tslib/-/tslib-2.4.1.tgz",
      "integrity": "sha512-tGyy4dAjRIEwI7BzsB0lynWgOpfqjUdq91XXAlIWD2OwKBH7oCl/GZG/HT4BOHrTlPMOASlMQ7veyTqpmRcrNA=="
    },
    "node_modules/zone.js": {
      "version": "0.12.0",
      "resolved": "https://registry.npmjs.org/zone.js/-/zone.js-0.12.0.tgz",
      "integrity": "sha512-XtC+I5dXU14HrzidAKBNMqneIVUykLEAA1x+v4KVrd6AUPWlwYORF8KgsVqvgdHiKZ4BkxxjvYi/ksEixTPR0Q==",
      "peer": true,
      "dependencies": {
        "tslib": "^2.3.0"
      }
    }
  },
  "dependencies": {
    "@angular/animations": {
      "version": "15.0.4",
      "resolved": "https://registry.npmjs.org/@angular/animations/-/animations-15.0.4.tgz",
      "integrity": "sha512-fOqf7fHX9aspIUmlOsig8ZyZlalU+eIBsUgu4QpH9+vfQzGCJcKIjPClW4Yb7rkNlyLlfQqaICOxG9gOxuEI7Q==",
      "peer": true,
      "requires": {
        "tslib": "^2.3.0"
      }
    },
    "@angular/cdk": {
      "version": "15.0.3",
      "resolved": "https://registry.npmjs.org/@angular/cdk/-/cdk-15.0.3.tgz",
      "integrity": "sha512-iRLV6V6ksIshDL8Cdn1+DUNTRLqj+DAqmYTWYCEvH4qU6o0XSeXrAHNW5zNFqWgCZbmWt03G5jOBWBNaxa9QKw==",
      "peer": true,
      "requires": {
        "parse5": "^7.1.2",
        "tslib": "^2.3.0"
      }
    },
    "@angular/common": {
      "version": "15.0.4",
      "resolved": "https://registry.npmjs.org/@angular/common/-/common-15.0.4.tgz",
      "integrity": "sha512-0x/2IhaetJqfXMeQ4DlRnOTzGWD0OvOeKORyi0q7WXPxSoD9MUezQHGmzkc5lK9tDYE9cNYyQfkUBcbJT/k6MA==",
      "peer": true,
      "requires": {
        "tslib": "^2.3.0"
      }
    },
    "@angular/core": {
      "version": "15.0.4",
      "resolved": "https://registry.npmjs.org/@angular/core/-/core-15.0.4.tgz",
      "integrity": "sha512-Xf8Nuu0iM/VjQHPS4A0jufqTYZCfiGqc0iAD7j9zM3TD6caQ3OP4mxXVYYTpIG+APKel38+Gol8cpQB/8PVbqQ==",
      "peer": true,
      "requires": {
        "tslib": "^2.3.0"
      }
    },
    "@angular/forms": {
      "version": "15.0.4",
      "resolved": "https://registry.npmjs.org/@angular/forms/-/forms-15.0.4.tgz",
      "integrity": "sha512-3Ft/p2ug/zp2p0g2rhLq9v/5F1G11xa+YujAKL5kOFa0zUoroDG6n4b6VEcsGWmDE9NR7Vkiys9rHckiJUluHg==",
      "peer": true,
      "requires": {
        "tslib": "^2.3.0"
      }
    },
    "@angular/platform-browser": {
      "version": "15.0.4",
      "resolved": "https://registry.npmjs.org/@angular/platform-browser/-/platform-browser-15.0.4.tgz",
      "integrity": "sha512-SOLrzh9AsHzhfre95ShvHd0hBcyEcFftJuAaU+35L4GiOAY+CznFuJUq4LjITCMQDHGzdpUlRjoUyJRQFmlvXQ==",
      "peer": true,
      "requires": {
        "tslib": "^2.3.0"
      }
    },
    "@angular/router": {
      "version": "15.0.4",
      "resolved": "https://registry.npmjs.org/@angular/router/-/router-15.0.4.tgz",
      "integrity": "sha512-6cBUu1kSigORGpWq+Wc3hTLRQcJvtlaZ5OFOIzKGiBEPgezn/AzrWHi/bEccWLZAVFhbUOhcRn9GwudqiqX6+A==",
      "peer": true,
      "requires": {
        "tslib": "^2.3.0"
      }
    },
    "@ant-design/colors": {
      "version": "5.1.1",
      "resolved": "https://registry.npmjs.org/@ant-design/colors/-/colors-5.1.1.tgz",
      "integrity": "sha512-Txy4KpHrp3q4XZdfgOBqLl+lkQIc3tEvHXOimRN1giX1AEC7mGtyrO9p8iRGJ3FLuVMGa2gNEzQyghVymLttKQ==",
      "peer": true,
      "requires": {
        "@ctrl/tinycolor": "^3.3.1"
      }
    },
    "@ant-design/icons-angular": {
      "version": "15.0.0",
      "resolved": "https://registry.npmjs.org/@ant-design/icons-angular/-/icons-angular-15.0.0.tgz",
      "integrity": "sha512-9DMpuoqZBvS7+VJ0s3tl2g/kI1sTLDQWfykiXYa+AkZ2AvJwHebvR7Cw7/xfiXFDLyZTjPgtC0x0gex13EShuA==",
      "peer": true,
      "requires": {
        "@ant-design/colors": "^5.0.0",
        "tslib": "^2.0.0"
      }
    },
    "@ctrl/tinycolor": {
      "version": "3.5.0",
      "resolved": "https://registry.npmjs.org/@ctrl/tinycolor/-/tinycolor-3.5.0.tgz",
      "integrity": "sha512-tlJpwF40DEQcfR/QF+wNMVyGMaO9FQp6Z1Wahj4Gk3CJQYHwA2xVG7iKDFdW6zuxZY9XWOpGcfNCTsX4McOsOg==",
      "peer": true
    },
    "@ngx-formly/core": {
      "version": "6.0.4",
      "resolved": "https://registry.npmjs.org/@ngx-formly/core/-/core-6.0.4.tgz",
      "integrity": "sha512-GH+uIwNivI7EmqIRcGwyWa+CXPBY3ihWi05foMsYV7ghADe2Ap6mHaYdKoejMItLoWz79CrV2pYfwrnjlE3KOQ==",
      "peer": true,
      "requires": {
        "tslib": "^2.0.0"
      }
    },
    "date-fns": {
      "version": "2.29.3",
      "resolved": "https://registry.npmjs.org/date-fns/-/date-fns-2.29.3.tgz",
      "integrity": "sha512-dDCnyH2WnnKusqvZZ6+jA1O51Ibt8ZMRNkDZdyAyK4YfbDwa/cEmuztzG5pk6hqlp9aSBPYcjOlktquahGwGeA==",
      "peer": true
    },
    "entities": {
      "version": "4.4.0",
      "resolved": "https://registry.npmjs.org/entities/-/entities-4.4.0.tgz",
      "integrity": "sha512-oYp7156SP8LkeGD0GF85ad1X9Ai79WtRsZ2gxJqtBuzH+98YUV6jkHEKlZkMbcrjJjIVJNIDP/3WL9wQkoPbWA==",
      "optional": true,
      "peer": true
    },
    "lodash-es": {
      "version": "4.17.21",
      "resolved": "https://registry.npmjs.org/lodash-es/-/lodash-es-4.17.21.tgz",
      "integrity": "sha512-mKnC+QJ9pWVzv+C4/U3rRsHapFfHvQFoFB92e52xeyGMcX6/OlIl78je1u8vePzYZSkkogMPJ2yjxxsb89cxyw==",
      "peer": true
    },
    "ng-zorro-antd": {
      "version": "15.0.0",
      "resolved": "https://registry.npmjs.org/ng-zorro-antd/-/ng-zorro-antd-15.0.0.tgz",
      "integrity": "sha512-txsYpgdI+yevd/zkv/VFRIovrxs+HpYKGjoLt6p6VKWYHyl172C+3Zn3Dwpb54f+JqfClPk9bb/RBG40QrsrWg==",
      "peer": true,
      "requires": {
        "@angular/cdk": "^15.0.0",
        "@ant-design/icons-angular": "^15.0.0",
        "date-fns": "^2.16.1",
        "tslib": "^2.3.0"
      }
    },
    "parse5": {
      "version": "7.1.2",
      "resolved": "https://registry.npmjs.org/parse5/-/parse5-7.1.2.tgz",
      "integrity": "sha512-Czj1WaSVpaoj0wbhMzLmWD69anp2WH7FXMB9n1Sy8/ZFF9jolSQVMu1Ij5WIyGmcBmhk7EOndpO4mIpihVqAXw==",
      "optional": true,
      "peer": true,
      "requires": {
        "entities": "^4.4.0"
      }
    },
    "rxjs": {
      "version": "7.8.0",
      "resolved": "https://registry.npmjs.org/rxjs/-/rxjs-7.8.0.tgz",
      "integrity": "sha512-F2+gxDshqmIub1KdvZkaEfGDwLNpPvk9Fs6LD/MyQxNgMds/WH9OdDDXOmxUZpME+iSK3rQCctkL0DYyytUqMg==",
      "peer": true,
      "requires": {
        "tslib": "^2.1.0"
      }
    },
    "tslib": {
      "version": "2.4.1",
      "resolved": "https://registry.npmjs.org/tslib/-/tslib-2.4.1.tgz",
      "integrity": "sha512-tGyy4dAjRIEwI7BzsB0lynWgOpfqjUdq91XXAlIWD2OwKBH7oCl/GZG/HT4BOHrTlPMOASlMQ7veyTqpmRcrNA=="
    },
    "zone.js": {
      "version": "0.12.0",
      "resolved": "https://registry.npmjs.org/zone.js/-/zone.js-0.12.0.tgz",
      "integrity": "sha512-XtC+I5dXU14HrzidAKBNMqneIVUykLEAA1x+v4KVrd6AUPWlwYORF8KgsVqvgdHiKZ4BkxxjvYi/ksEixTPR0Q==",
      "peer": true,
      "requires": {
        "tslib": "^2.3.0"
      }
    }
  }
}
